
Microsoft Visual Studio Solution File, Format Version 12.00
# Visual Studio Version 17
VisualStudioVersion = 17.0.31903.59
MinimumVisualStudioVersion = 10.0.40219.1
Project("{9A19103F-16F7-4668-BE54-9A1E7A4F7556}") = "CollectionCapacity", "CollectionCapacity\CollectionCapacity.csproj", "{3A775F44-6DEB-4FBB-B05C-BB8162BCDFE4}"
EndProject
Project("{9A19103F-16F7-4668-BE54-9A1E7A4F7556}") = "CollectionsSamples", "CollectionsSamples\CollectionsSamples.csproj", "{FE9BE06F-E9EA-4B4B-82A8-7F9E1BAB35DF}"
EndProject
Global
	GlobalSection(SolutionConfigurationPlatforms) = preSolution
		Debug|Any CPU = Debug|Any CPU
		Release|Any CPU = Release|Any CPU
	EndGlobalSection
	GlobalSection(ProjectConfigurationPlatforms) = postSolution
		{3A775F44-6DEB-4FBB-B05C-BB8162BCDFE4}.Debug|Any CPU.ActiveCfg = Debug|Any CPU
		{3A775F44-6DEB-4FBB-B05C-BB8162BCDFE4}.Debug|Any CPU.Build.0 = Debug|Any CPU
		{3A775F44-6DEB-4FBB-B05C-BB8162BCDFE4}.Release|Any CPU.ActiveCfg = Release|Any CPU
		{3A775F44-6DEB-4FBB-B05C-BB8162BCDFE4}.Release|Any CPU.Build.0 = Release|Any CPU
		{FE9BE06F-E9EA-4B4B-82A8-7F9E1BAB35DF}.Debug|Any CPU.ActiveCfg = Debug|Any CPU
		{FE9BE06F-E9EA-4B4B-82A8-7F9E1BAB35DF}.Debug|Any CPU.Build.0 = Debug|Any CPU
		{FE9BE06F-E9EA-4B4B-82A8-7F9E1BAB35DF}.Release|Any CPU.ActiveCfg = Release|Any CPU
		{FE9BE06F-E9EA-4B4B-82A8-7F9E1BAB35DF}.Release|Any CPU.Build.0 = Release|Any CPU
	EndGlobalSection
	GlobalSection(SolutionProperties) = preSolution
		HideSolutionNode = FALSE
	EndGlobalSection
	GlobalSection(ExtensibilityGlobals) = postSolution
		SolutionGuid = {4059C843-B292-406D-A34E-CDEF75830EC6}
	EndGlobalSection
EndGlobal
