
Microsoft Visual Studio Solution File, Format Version 12.00
# Visual Studio Version 17
VisualStudioVersion = 17.0.31903.59
MinimumVisualStudioVersion = 10.0.40219.1
Project("{FAE04EC0-301F-11D3-BF4B-00C04F79EFBC}") = "ConversorBinario", "ConversorBinario\ConversorBinario.csproj", "{75C21F91-1CB4-4B93-8654-E979F91C1E0A}"
EndProject
Project("{FAE04EC0-301F-11D3-BF4B-00C04F79EFBC}") = "ConversorBinario.Tests", "ConversorBinario.Tests\ConversorBinario.Tests.csproj", "{27CFCDE6-1991-4D32-8855-56C6EF1E4B79}"
EndProject
Global
	GlobalSection(SolutionConfigurationPlatforms) = preSolution
		Debug|Any CPU = Debug|Any CPU
		Release|Any CPU = Release|Any CPU
	EndGlobalSection
	GlobalSection(SolutionProperties) = preSolution
		HideSolutionNode = FALSE
	EndGlobalSection
	GlobalSection(ProjectConfigurationPlatforms) = postSolution
		{75C21F91-1CB4-4B93-8654-E979F91C1E0A}.Debug|Any CPU.ActiveCfg = Debug|Any CPU
		{75C21F91-1CB4-4B93-8654-E979F91C1E0A}.Debug|Any CPU.Build.0 = Debug|Any CPU
		{75C21F91-1CB4-4B93-8654-E979F91C1E0A}.Release|Any CPU.ActiveCfg = Release|Any CPU
		{75C21F91-1CB4-4B93-8654-E979F91C1E0A}.Release|Any CPU.Build.0 = Release|Any CPU
		{27CFCDE6-1991-4D32-8855-56C6EF1E4B79}.Debug|Any CPU.ActiveCfg = Debug|Any CPU
		{27CFCDE6-1991-4D32-8855-56C6EF1E4B79}.Debug|Any CPU.Build.0 = Debug|Any CPU
		{27CFCDE6-1991-4D32-8855-56C6EF1E4B79}.Release|Any CPU.ActiveCfg = Release|Any CPU
		{27CFCDE6-1991-4D32-8855-56C6EF1E4B79}.Release|Any CPU.Build.0 = Release|Any CPU
	EndGlobalSection
EndGlobal
